
Microsoft Visual Studio Solution File, Format Version 12.00
# Visual Studio 15
VisualStudioVersion = 15.0.28307.136
MinimumVisualStudioVersion = 10.0.40219.1
Project("{FAE04EC0-301F-11D3-BF4B-00C04F79EFBC}") = "Views", "Views\Views.csproj", "{ED6BECE1-63C3-4DBD-AF5D-6E70C880FD74}"
EndProject
Global
	GlobalSection(SolutionConfigurationPlatforms) = preSolution
		Debug|Any CPU = Debug|Any CPU
		Release|Any CPU = Release|Any CPU
	EndGlobalSection
	GlobalSection(ProjectConfigurationPlatforms) = postSolution
		{ED6BECE1-63C3-4DBD-AF5D-6E70C880FD74}.Debug|Any CPU.ActiveCfg = Debug|Any CPU
		{ED6BECE1-63C3-4DBD-AF5D-6E70C880FD74}.Debug|Any CPU.Build.0 = Debug|Any CPU
		{ED6BECE1-63C3-4DBD-AF5D-6E70C880FD74}.Release|Any CPU.ActiveCfg = Release|Any CPU
		{ED6BECE1-63C3-4DBD-AF5D-6E70C880FD74}.Release|Any CPU.Build.0 = Release|Any CPU
	EndGlobalSection
	GlobalSection(SolutionProperties) = preSolution
		HideSolutionNode = FALSE
	EndGlobalSection
	GlobalSection(ExtensibilityGlobals) = postSolution
		SolutionGuid = {D096D56A-345B-461F-8A45-AB12A7BD672F}
	EndGlobalSection
EndGlobal
